
Microsoft Visual Studio Solution File, Format Version 11.00
# Visual C++ Express 2010
Project("{8BC9CEB8-8B4A-11D0-8D11-00A0C91BC942}") = "text_9_28", "text_9_28\text_9_28.vcxproj", "{BC98E789-0002-4871-B24E-977CAE140259}"
EndProject
Global
	GlobalSection(SolutionConfigurationPlatforms) = preSolution
		Debug|Win32 = Debug|Win32
		Release|Win32 = Release|Win32
	EndGlobalSection
	GlobalSection(ProjectConfigurationPlatforms) = postSolution
		{BC98E789-0002-4871-B24E-977CAE140259}.Debug|Win32.ActiveCfg = Debug|Win32
		{BC98E789-0002-4871-B24E-977CAE140259}.Debug|Win32.Build.0 = Debug|Win32
		{BC98E789-0002-4871-B24E-977CAE140259}.Release|Win32.ActiveCfg = Release|Win32
		{BC98E789-0002-4871-B24E-977CAE140259}.Release|Win32.Build.0 = Release|Win32
	EndGlobalSection
	GlobalSection(SolutionProperties) = preSolution
		HideSolutionNode = FALSE
	EndGlobalSection
EndGlobal
